{
  "name": "CNN",
  "version": "1.0.0",
  "lockfileVersion": 1,
  "requires": true,
  "dependencies": {
    "convnetjs": {
      "version": "0.3.0",
      "resolved": "http://registry.npm.taobao.org/convnetjs/download/convnetjs-0.3.0.tgz",
      "integrity": "sha1-I5KUjtj+Z7xX3k28/zQjoSfnwPU="
    }
  }
}
